// !$*UTF8*$!
{
	archiveVersion = 1;
	classes = {
	};
	objectVersion = 56;
	objects = {

/* Begin PBXBuildFile section */
		2A9DDF470A0EFFB73BCEF93E /* Pods_quippertestios.framework in Frameworks */ = {isa = PBXBuildFile; fileRef = 1823BF5D6C2EF6951BBECEEF /* Pods_quippertestios.framework */; };
		A7B00AB12BFF2995004FE805 /* AppDelegate.swift in Sources */ = {isa = PBXBuildFile; fileRef = A7B00AB02BFF2995004FE805 /* AppDelegate.swift */; };
		A7B00AB32BFF2995004FE805 /* SceneDelegate.swift in Sources */ = {isa = PBXBuildFile; fileRef = A7B00AB22BFF2995004FE805 /* SceneDelegate.swift */; };
		A7B00AB52BFF2995004FE805 /* ViewController.swift in Sources */ = {isa = PBXBuildFile; fileRef = A7B00AB42BFF2995004FE805 /* ViewController.swift */; };
		A7B00AB82BFF2995004FE805 /* Main.storyboard in Resources */ = {isa = PBXBuildFile; fileRef = A7B00AB62BFF2995004FE805 /* Main.storyboard */; };
		A7B00ABA2BFF2997004FE805 /* Assets.xcassets in Resources */ = {isa = PBXBuildFile; fileRef = A7B00AB92BFF2997004FE805 /* Assets.xcassets */; };
		A7B00ABD2BFF2997004FE805 /* LaunchScreen.storyboard in Resources */ = {isa = PBXBuildFile; fileRef = A7B00ABB2BFF2997004FE805 /* LaunchScreen.storyboard */; };
		A7B00AC82BFF2997004FE805 /* quippertestiosTests.swift in Sources */ = {isa = PBXBuildFile; fileRef = A7B00AC72BFF2997004FE805 /* quippertestiosTests.swift */; };
		A7B00AD22BFF2997004FE805 /* quippertestiosUITests.swift in Sources */ = {isa = PBXBuildFile; fileRef = A7B00AD12BFF2997004FE805 /* quippertestiosUITests.swift */; };
		A7B00AD42BFF2997004FE805 /* quippertestiosUITestsLaunchTests.swift in Sources */ = {isa = PBXBuildFile; fileRef = A7B00AD32BFF2997004FE805 /* quippertestiosUITestsLaunchTests.swift */; };
		A7DCDEB92BFF3B7D00AF7E96 /* ApiManager.swift in Sources */ = {isa = PBXBuildFile; fileRef = A7DCDEB82BFF3B7D00AF7E96 /* ApiManager.swift */; };
		A7DCDEBB2BFF3B8800AF7E96 /* Endpoint.swift in Sources */ = {isa = PBXBuildFile; fileRef = A7DCDEBA2BFF3B8800AF7E96 /* Endpoint.swift */; };
/* End PBXBuildFile section */

/* Begin PBXContainerItemProxy section */
		A7B00AC42BFF2997004FE805 /* PBXContainerItemProxy */ = {
			isa = PBXContainerItemProxy;
			containerPortal = A7B00AA52BFF2995004FE805 /* Project object */;
			proxyType = 1;
			remoteGlobalIDString = A7B00AAC2BFF2995004FE805;
			remoteInfo = quippertestios;
		};
		A7B00ACE2BFF2997004FE805 /* PBXContainerItemProxy */ = {
			isa = PBXContainerItemProxy;
			containerPortal = A7B00AA52BFF2995004FE805 /* Project object */;
			proxyType = 1;
			remoteGlobalIDString = A7B00AAC2BFF2995004FE805;
			remoteInfo = quippertestios;
		};
/* End PBXContainerItemProxy section */

/* Begin PBXFileReference section */
		1823BF5D6C2EF6951BBECEEF /* Pods_quippertestios.framework */ = {isa = PBXFileReference; explicitFileType = wrapper.framework; includeInIndex = 0; path = Pods_quippertestios.framework; sourceTree = BUILT_PRODUCTS_DIR; };
		7123844C8C46283DD6A2519E /* Pods-quippertestios.release.xcconfig */ = {isa = PBXFileReference; includeInIndex = 1; lastKnownFileType = text.xcconfig; name = "Pods-quippertestios.release.xcconfig"; path = "Target Support Files/Pods-quippertestios/Pods-quippertestios.release.xcconfig"; sourceTree = "<group>"; };
		A7B00AAD2BFF2995004FE805 /* quippertestios.app */ = {isa = PBXFileReference; explicitFileType = wrapper.application; includeInIndex = 0; path = quippertestios.app; sourceTree = BUILT_PRODUCTS_DIR; };
		A7B00AB02BFF2995004FE805 /* AppDelegate.swift */ = {isa = PBXFileReference; lastKnownFileType = sourcecode.swift; path = AppDelegate.swift; sourceTree = "<group>"; };
		A7B00AB22BFF2995004FE805 /* SceneDelegate.swift */ = {isa = PBXFileReference; lastKnownFileType = sourcecode.swift; path = SceneDelegate.swift; sourceTree = "<group>"; };
		A7B00AB42BFF2995004FE805 /* ViewController.swift */ = {isa = PBXFileReference; lastKnownFileType = sourcecode.swift; path = ViewController.swift; sourceTree = "<group>"; };
		A7B00AB72BFF2995004FE805 /* Base */ = {isa = PBXFileReference; lastKnownFileType = file.storyboard; name = Base; path = Base.lproj/Main.storyboard; sourceTree = "<group>"; };
		A7B00AB92BFF2997004FE805 /* Assets.xcassets */ = {isa = PBXFileReference; lastKnownFileType = folder.assetcatalog; path = Assets.xcassets; sourceTree = "<group>"; };
		A7B00ABC2BFF2997004FE805 /* Base */ = {isa = PBXFileReference; lastKnownFileType = file.storyboard; name = Base; path = Base.lproj/LaunchScreen.storyboard; sourceTree = "<group>"; };
		A7B00ABE2BFF2997004FE805 /* Info.plist */ = {isa = PBXFileReference; lastKnownFileType = text.plist.xml; path = Info.plist; sourceTree = "<group>"; };
		A7B00AC32BFF2997004FE805 /* quippertestiosTests.xctest */ = {isa = PBXFileReference; explicitFileType = wrapper.cfbundle; includeInIndex = 0; path = quippertestiosTests.xctest; sourceTree = BUILT_PRODUCTS_DIR; };
		A7B00AC72BFF2997004FE805 /* quippertestiosTests.swift */ = {isa = PBXFileReference; lastKnownFileType = sourcecode.swift; path = quippertestiosTests.swift; sourceTree = "<group>"; };
		A7B00ACD2BFF2997004FE805 /* quippertestiosUITests.xctest */ = {isa = PBXFileReference; explicitFileType = wrapper.cfbundle; includeInIndex = 0; path = quippertestiosUITests.xctest; sourceTree = BUILT_PRODUCTS_DIR; };
		A7B00AD12BFF2997004FE805 /* quippertestiosUITests.swift */ = {isa = PBXFileReference; lastKnownFileType = sourcecode.swift; path = quippertestiosUITests.swift; sourceTree = "<group>"; };
		A7B00AD32BFF2997004FE805 /* quippertestiosUITestsLaunchTests.swift */ = {isa = PBXFileReference; lastKnownFileType = sourcecode.swift; path = quippertestiosUITestsLaunchTests.swift; sourceTree = "<group>"; };
		A7DCDEB82BFF3B7D00AF7E96 /* ApiManager.swift */ = {isa = PBXFileReference; lastKnownFileType = sourcecode.swift; path = ApiManager.swift; sourceTree = "<group>"; };
		A7DCDEBA2BFF3B8800AF7E96 /* Endpoint.swift */ = {isa = PBXFileReference; lastKnownFileType = sourcecode.swift; path = Endpoint.swift; sourceTree = "<group>"; };
		F491D2849ADBE7FB8D8E4F93 /* Pods-quippertestios.debug.xcconfig */ = {isa = PBXFileReference; includeInIndex = 1; lastKnownFileType = text.xcconfig; name = "Pods-quippertestios.debug.xcconfig"; path = "Target Support Files/Pods-quippertestios/Pods-quippertestios.debug.xcconfig"; sourceTree = "<group>"; };
/* End PBXFileReference section */

/* Begin PBXFrameworksBuildPhase section */
		A7B00AAA2BFF2995004FE805 /* Frameworks */ = {
			isa = PBXFrameworksBuildPhase;
			buildActionMask = 2147483647;
			files = (
				2A9DDF470A0EFFB73BCEF93E /* Pods_quippertestios.framework in Frameworks */,
			);
			runOnlyForDeploymentPostprocessing = 0;
		};
		A7B00AC02BFF2997004FE805 /* Frameworks */ = {
			isa = PBXFrameworksBuildPhase;
			buildActionMask = 2147483647;
			files = (
			);
			runOnlyForDeploymentPostprocessing = 0;
		};
		A7B00ACA2BFF2997004FE805 /* Frameworks */ = {
			isa = PBXFrameworksBuildPhase;
			buildActionMask = 2147483647;
			files = (
			);
			runOnlyForDeploymentPostprocessing = 0;
		};
/* End PBXFrameworksBuildPhase section */

/* Begin PBXGroup section */
		2A80427D3147E4B4211FF77B /* Frameworks */ = {
			isa = PBXGroup;
			children = (
				1823BF5D6C2EF6951BBECEEF /* Pods_quippertestios.framework */,
			);
			name = Frameworks;
			sourceTree = "<group>";
		};
		A2602AB560F267DBFF0E714B /* Pods */ = {
			isa = PBXGroup;
			children = (
				F491D2849ADBE7FB8D8E4F93 /* Pods-quippertestios.debug.xcconfig */,
				7123844C8C46283DD6A2519E /* Pods-quippertestios.release.xcconfig */,
			);
			path = Pods;
			sourceTree = "<group>";
		};
		A7B00AA42BFF2995004FE805 = {
			isa = PBXGroup;
			children = (
				A7B00AAF2BFF2995004FE805 /* quippertestios */,
				A7B00AC62BFF2997004FE805 /* quippertestiosTests */,
				A7B00AD02BFF2997004FE805 /* quippertestiosUITests */,
				A7B00AAE2BFF2995004FE805 /* Products */,
				A2602AB560F267DBFF0E714B /* Pods */,
				2A80427D3147E4B4211FF77B /* Frameworks */,
			);
			sourceTree = "<group>";
		};
		A7B00AAE2BFF2995004FE805 /* Products */ = {
			isa = PBXGroup;
			children = (
				A7B00AAD2BFF2995004FE805 /* quippertestios.app */,
				A7B00AC32BFF2997004FE805 /* quippertestiosTests.xctest */,
				A7B00ACD2BFF2997004FE805 /* quippertestiosUITests.xctest */,
			);
			name = Products;
			sourceTree = "<group>";
		};
		A7B00AAF2BFF2995004FE805 /* quippertestios */ = {
			isa = PBXGroup;
			children = (
				A7DCDEB62BFF2E2800AF7E96 /* Resource */,
				A7DCDEB52BFF2E0800AF7E96 /* Common */,
				A7DCDEB42BFF2DFB00AF7E96 /* Networking */,
				A7DCDEB32BFF2DF200AF7E96 /* Module */,
				A7DCDEB22BFF2DEC00AF7E96 /* App */,
				A7B00AB42BFF2995004FE805 /* ViewController.swift */,
				A7B00AB62BFF2995004FE805 /* Main.storyboard */,
				A7B00ABB2BFF2997004FE805 /* LaunchScreen.storyboard */,
			);
			path = quippertestios;
			sourceTree = "<group>";
		};
		A7B00AC62BFF2997004FE805 /* quippertestiosTests */ = {
			isa = PBXGroup;
			children = (
				A7B00AC72BFF2997004FE805 /* quippertestiosTests.swift */,
			);
			path = quippertestiosTests;
			sourceTree = "<group>";
		};
		A7B00AD02BFF2997004FE805 /* quippertestiosUITests */ = {
			isa = PBXGroup;
			children = (
				A7B00AD12BFF2997004FE805 /* quippertestiosUITests.swift */,
				A7B00AD32BFF2997004FE805 /* quippertestiosUITestsLaunchTests.swift */,
			);
			path = quippertestiosUITests;
			sourceTree = "<group>";
		};
		A7DCDEB22BFF2DEC00AF7E96 /* App */ = {
			isa = PBXGroup;
			children = (
				A7B00AB02BFF2995004FE805 /* AppDelegate.swift */,
				A7B00AB22BFF2995004FE805 /* SceneDelegate.swift */,
			);
			path = App;
			sourceTree = "<group>";
		};
		A7DCDEB32BFF2DF200AF7E96 /* Module */ = {
			isa = PBXGroup;
			children = (
			);
			path = Module;
			sourceTree = "<group>";
		};
		A7DCDEB42BFF2DFB00AF7E96 /* Networking */ = {
			isa = PBXGroup;
			children = (
				A7DCDEB82BFF3B7D00AF7E96 /* ApiManager.swift */,
				A7DCDEBA2BFF3B8800AF7E96 /* Endpoint.swift */,
			);
			path = Networking;
			sourceTree = "<group>";
		};
		A7DCDEB52BFF2E0800AF7E96 /* Common */ = {
			isa = PBXGroup;
			children = (
				A7DCDEB72BFF2EB300AF7E96 /* Component */,
			);
			path = Common;
			sourceTree = "<group>";
		};
		A7DCDEB62BFF2E2800AF7E96 /* Resource */ = {
			isa = PBXGroup;
			children = (
				A7B00AB92BFF2997004FE805 /* Assets.xcassets */,
				A7B00ABE2BFF2997004FE805 /* Info.plist */,
			);
			path = Resource;
			sourceTree = "<group>";
		};
		A7DCDEB72BFF2EB300AF7E96 /* Component */ = {
			isa = PBXGroup;
			children = (
			);
			path = Component;
			sourceTree = "<group>";
		};
/* End PBXGroup section */

/* Begin PBXNativeTarget section */
		A7B00AAC2BFF2995004FE805 /* quippertestios */ = {
			isa = PBXNativeTarget;
			buildConfigurationList = A7B00AD72BFF2997004FE805 /* Build configuration list for PBXNativeTarget "quippertestios" */;
			buildPhases = (
				9E1B74CF6B1ADD50E002751F /* [CP] Check Pods Manifest.lock */,
				A7B00AA92BFF2995004FE805 /* Sources */,
				A7B00AAA2BFF2995004FE805 /* Frameworks */,
				A7B00AAB2BFF2995004FE805 /* Resources */,
				66BC2CD1BDB0DE35F0BA529E /* [CP] Embed Pods Frameworks */,
			);
			buildRules = (
			);
			dependencies = (
			);
			name = quippertestios;
			productName = quippertestios;
			productReference = A7B00AAD2BFF2995004FE805 /* quippertestios.app */;
			productType = "com.apple.product-type.application";
		};
		A7B00AC22BFF2997004FE805 /* quippertestiosTests */ = {
			isa = PBXNativeTarget;
			buildConfigurationList = A7B00ADA2BFF2997004FE805 /* Build configuration list for PBXNativeTarget "quippertestiosTests" */;
			buildPhases = (
				A7B00ABF2BFF2997004FE805 /* Sources */,
				A7B00AC02BFF2997004FE805 /* Frameworks */,
				A7B00AC12BFF2997004FE805 /* Resources */,
			);
			buildRules = (
			);
			dependencies = (
				A7B00AC52BFF2997004FE805 /* PBXTargetDependency */,
			);
			name = quippertestiosTests;
			productName = quippertestiosTests;
			productReference = A7B00AC32BFF2997004FE805 /* quippertestiosTests.xctest */;
			productType = "com.apple.product-type.bundle.unit-test";
		};
		A7B00ACC2BFF2997004FE805 /* quippertestiosUITests */ = {
			isa = PBXNativeTarget;
			buildConfigurationList = A7B00ADD2BFF2997004FE805 /* Build configuration list for PBXNativeTarget "quippertestiosUITests" */;
			buildPhases = (
				A7B00AC92BFF2997004FE805 /* Sources */,
				A7B00ACA2BFF2997004FE805 /* Frameworks */,
				A7B00ACB2BFF2997004FE805 /* Resources */,
			);
			buildRules = (
			);
			dependencies = (
				A7B00ACF2BFF2997004FE805 /* PBXTargetDependency */,
			);
			name = quippertestiosUITests;
			productName = quippertestiosUITests;
			productReference = A7B00ACD2BFF2997004FE805 /* quippertestiosUITests.xctest */;
			productType = "com.apple.product-type.bundle.ui-testing";
		};
/* End PBXNativeTarget section */

/* Begin PBXProject section */
		A7B00AA52BFF2995004FE805 /* Project object */ = {
			isa = PBXProject;
			attributes = {
				BuildIndependentTargetsInParallel = 1;
				LastSwiftUpdateCheck = 1510;
				LastUpgradeCheck = 1510;
				TargetAttributes = {
					A7B00AAC2BFF2995004FE805 = {
						CreatedOnToolsVersion = 15.1;
					};
					A7B00AC22BFF2997004FE805 = {
						CreatedOnToolsVersion = 15.1;
						TestTargetID = A7B00AAC2BFF2995004FE805;
					};
					A7B00ACC2BFF2997004FE805 = {
						CreatedOnToolsVersion = 15.1;
						TestTargetID = A7B00AAC2BFF2995004FE805;
					};
				};
			};
			buildConfigurationList = A7B00AA82BFF2995004FE805 /* Build configuration list for PBXProject "quippertestios" */;
			compatibilityVersion = "Xcode 14.0";
			developmentRegion = en;
			hasScannedForEncodings = 0;
			knownRegions = (
				en,
				Base,
			);
			mainGroup = A7B00AA42BFF2995004FE805;
			productRefGroup = A7B00AAE2BFF2995004FE805 /* Products */;
			projectDirPath = "";
			projectRoot = "";
			targets = (
				A7B00AAC2BFF2995004FE805 /* quippertestios */,
				A7B00AC22BFF2997004FE805 /* quippertestiosTests */,
				A7B00ACC2BFF2997004FE805 /* quippertestiosUITests */,
			);
		};
/* End PBXProject section */

/* Begin PBXResourcesBuildPhase section */
		A7B00AAB2BFF2995004FE805 /* Resources */ = {
			isa = PBXResourcesBuildPhase;
			buildActionMask = 2147483647;
			files = (
				A7B00ABD2BFF2997004FE805 /* LaunchScreen.storyboard in Resources */,
				A7B00ABA2BFF2997004FE805 /* Assets.xcassets in Resources */,
				A7B00AB82BFF2995004FE805 /* Main.storyboard in Resources */,
			);
			runOnlyForDeploymentPostprocessing = 0;
		};
		A7B00AC12BFF2997004FE805 /* Resources */ = {
			isa = PBXResourcesBuildPhase;
			buildActionMask = 2147483647;
			files = (
			);
			runOnlyForDeploymentPostprocessing = 0;
		};
		A7B00ACB2BFF2997004FE805 /* Resources */ = {
			isa = PBXResourcesBuildPhase;
			buildActionMask = 2147483647;
			files = (
			);
			runOnlyForDeploymentPostprocessing = 0;
		};
/* End PBXResourcesBuildPhase section */

/* Begin PBXShellScriptBuildPhase section */
		66BC2CD1BDB0DE35F0BA529E /* [CP] Embed Pods Frameworks */ = {
			isa = PBXShellScriptBuildPhase;
			buildActionMask = 2147483647;
			files = (
			);
			inputFileListPaths = (
				"${PODS_ROOT}/Target Support Files/Pods-quippertestios/Pods-quippertestios-frameworks-${CONFIGURATION}-input-files.xcfilelist",
			);
			name = "[CP] Embed Pods Frameworks";
			outputFileListPaths = (
				"${PODS_ROOT}/Target Support Files/Pods-quippertestios/Pods-quippertestios-frameworks-${CONFIGURATION}-output-files.xcfilelist",
			);
			runOnlyForDeploymentPostprocessing = 0;
			shellPath = /bin/sh;
			shellScript = "\"${PODS_ROOT}/Target Support Files/Pods-quippertestios/Pods-quippertestios-frameworks.sh\"\n";
			showEnvVarsInLog = 0;
		};
		9E1B74CF6B1ADD50E002751F /* [CP] Check Pods Manifest.lock */ = {
			isa = PBXShellScriptBuildPhase;
			buildActionMask = 2147483647;
			files = (
			);
			inputFileListPaths = (
			);
			inputPaths = (
				"${PODS_PODFILE_DIR_PATH}/Podfile.lock",
				"${PODS_ROOT}/Manifest.lock",
			);
			name = "[CP] Check Pods Manifest.lock";
			outputFileListPaths = (
			);
			outputPaths = (
				"$(DERIVED_FILE_DIR)/Pods-quippertestios-checkManifestLockResult.txt",
			);
			runOnlyForDeploymentPostprocessing = 0;
			shellPath = /bin/sh;
			shellScript = "diff \"${PODS_PODFILE_DIR_PATH}/Podfile.lock\" \"${PODS_ROOT}/Manifest.lock\" > /dev/null\nif [ $? != 0 ] ; then\n    # print error to STDERR\n    echo \"error: The sandbox is not in sync with the Podfile.lock. Run 'pod install' or update your CocoaPods installation.\" >&2\n    exit 1\nfi\n# This output is used by Xcode 'outputs' to avoid re-running this script phase.\necho \"SUCCESS\" > \"${SCRIPT_OUTPUT_FILE_0}\"\n";
			showEnvVarsInLog = 0;
		};
/* End PBXShellScriptBuildPhase section */

/* Begin PBXSourcesBuildPhase section */
		A7B00AA92BFF2995004FE805 /* Sources */ = {
			isa = PBXSourcesBuildPhase;
			buildActionMask = 2147483647;
			files = (
				A7DCDEB92BFF3B7D00AF7E96 /* ApiManager.swift in Sources */,
				A7B00AB52BFF2995004FE805 /* ViewController.swift in Sources */,
				A7B00AB12BFF2995004FE805 /* AppDelegate.swift in Sources */,
				A7B00AB32BFF2995004FE805 /* SceneDelegate.swift in Sources */,
				A7DCDEBB2BFF3B8800AF7E96 /* Endpoint.swift in Sources */,
			);
			runOnlyForDeploymentPostprocessing = 0;
		};
		A7B00ABF2BFF2997004FE805 /* Sources */ = {
			isa = PBXSourcesBuildPhase;
			buildActionMask = 2147483647;
			files = (
				A7B00AC82BFF2997004FE805 /* quippertestiosTests.swift in Sources */,
			);
			runOnlyForDeploymentPostprocessing = 0;
		};
		A7B00AC92BFF2997004FE805 /* Sources */ = {
			isa = PBXSourcesBuildPhase;
			buildActionMask = 2147483647;
			files = (
				A7B00AD22BFF2997004FE805 /* quippertestiosUITests.swift in Sources */,
				A7B00AD42BFF2997004FE805 /* quippertestiosUITestsLaunchTests.swift in Sources */,
			);
			runOnlyForDeploymentPostprocessing = 0;
		};
/* End PBXSourcesBuildPhase section */

/* Begin PBXTargetDependency section */
		A7B00AC52BFF2997004FE805 /* PBXTargetDependency */ = {
			isa = PBXTargetDependency;
			target = A7B00AAC2BFF2995004FE805 /* quippertestios */;
			targetProxy = A7B00AC42BFF2997004FE805 /* PBXContainerItemProxy */;
		};
		A7B00ACF2BFF2997004FE805 /* PBXTargetDependency */ = {
			isa = PBXTargetDependency;
			target = A7B00AAC2BFF2995004FE805 /* quippertestios */;
			targetProxy = A7B00ACE2BFF2997004FE805 /* PBXContainerItemProxy */;
		};
/* End PBXTargetDependency section */

/* Begin PBXVariantGroup section */
		A7B00AB62BFF2995004FE805 /* Main.storyboard */ = {
			isa = PBXVariantGroup;
			children = (
				A7B00AB72BFF2995004FE805 /* Base */,
			);
			name = Main.storyboard;
			sourceTree = "<group>";
		};
		A7B00ABB2BFF2997004FE805 /* LaunchScreen.storyboard */ = {
			isa = PBXVariantGroup;
			children = (
				A7B00ABC2BFF2997004FE805 /* Base */,
			);
			name = LaunchScreen.storyboard;
			sourceTree = "<group>";
		};
/* End PBXVariantGroup section */

/* Begin XCBuildConfiguration section */
		A7B00AD52BFF2997004FE805 /* Debug */ = {
			isa = XCBuildConfiguration;
			buildSettings = {
				ALWAYS_EMBED_SWIFT_STANDARD_LIBRARIES = YES;
				ALWAYS_SEARCH_USER_PATHS = NO;
				ASSETCATALOG_COMPILER_GENERATE_SWIFT_ASSET_SYMBOL_EXTENSIONS = YES;
				CLANG_ANALYZER_NONNULL = YES;
				CLANG_ANALYZER_NUMBER_OBJECT_CONVERSION = YES_AGGRESSIVE;
				CLANG_CXX_LANGUAGE_STANDARD = "gnu++20";
				CLANG_ENABLE_MODULES = YES;
				CLANG_ENABLE_OBJC_ARC = YES;
				CLANG_ENABLE_OBJC_WEAK = YES;
				CLANG_WARN_BLOCK_CAPTURE_AUTORELEASING = YES;
				CLANG_WARN_BOOL_CONVERSION = YES;
				CLANG_WARN_COMMA = YES;
				CLANG_WARN_CONSTANT_CONVERSION = YES;
				CLANG_WARN_DEPRECATED_OBJC_IMPLEMENTATIONS = YES;
				CLANG_WARN_DIRECT_OBJC_ISA_USAGE = YES_ERROR;
				CLANG_WARN_DOCUMENTATION_COMMENTS = YES;
				CLANG_WARN_EMPTY_BODY = YES;
				CLANG_WARN_ENUM_CONVERSION = YES;
				CLANG_WARN_INFINITE_RECURSION = YES;
				CLANG_WARN_INT_CONVERSION = YES;
				CLANG_WARN_NON_LITERAL_NULL_CONVERSION = YES;
				CLANG_WARN_OBJC_IMPLICIT_RETAIN_SELF = YES;
				CLANG_WARN_OBJC_LITERAL_CONVERSION = YES;
				CLANG_WARN_OBJC_ROOT_CLASS = YES_ERROR;
				CLANG_WARN_QUOTED_INCLUDE_IN_FRAMEWORK_HEADER = YES;
				CLANG_WARN_RANGE_LOOP_ANALYSIS = YES;
				CLANG_WARN_STRICT_PROTOTYPES = YES;
				CLANG_WARN_SUSPICIOUS_MOVE = YES;
				CLANG_WARN_UNGUARDED_AVAILABILITY = YES_AGGRESSIVE;
				CLANG_WARN_UNREACHABLE_CODE = YES;
				CLANG_WARN__DUPLICATE_METHOD_MATCH = YES;
				COPY_PHASE_STRIP = NO;
				DEBUG_INFORMATION_FORMAT = dwarf;
				ENABLE_STRICT_OBJC_MSGSEND = YES;
				ENABLE_TESTABILITY = YES;
				ENABLE_USER_SCRIPT_SANDBOXING = YES;
				GCC_C_LANGUAGE_STANDARD = gnu17;
				GCC_DYNAMIC_NO_PIC = NO;
				GCC_NO_COMMON_BLOCKS = YES;
				GCC_OPTIMIZATION_LEVEL = 0;
				GCC_PREPROCESSOR_DEFINITIONS = (
					"DEBUG=1",
					"$(inherited)",
				);
				GCC_WARN_64_TO_32_BIT_CONVERSION = YES;
				GCC_WARN_ABOUT_RETURN_TYPE = YES_ERROR;
				GCC_WARN_UNDECLARED_SELECTOR = YES;
				GCC_WARN_UNINITIALIZED_AUTOS = YES_AGGRESSIVE;
				GCC_WARN_UNUSED_FUNCTION = YES;
				GCC_WARN_UNUSED_VARIABLE = YES;
				IPHONEOS_DEPLOYMENT_TARGET = 17.2;
				LOCALIZATION_PREFERS_STRING_CATALOGS = YES;
				MTL_ENABLE_DEBUG_INFO = INCLUDE_SOURCE;
				MTL_FAST_MATH = YES;
				ONLY_ACTIVE_ARCH = YES;
				SDKROOT = iphoneos;
				SWIFT_ACTIVE_COMPILATION_CONDITIONS = "DEBUG $(inherited)";
				SWIFT_OPTIMIZATION_LEVEL = "-Onone";
			};
			name = Debug;
		};
		A7B00AD62BFF2997004FE805 /* Release */ = {
			isa = XCBuildConfiguration;
			buildSettings = {
				ALWAYS_EMBED_SWIFT_STANDARD_LIBRARIES = YES;
				ALWAYS_SEARCH_USER_PATHS = NO;
				ASSETCATALOG_COMPILER_GENERATE_SWIFT_ASSET_SYMBOL_EXTENSIONS = YES;
				CLANG_ANALYZER_NONNULL = YES;
				CLANG_ANALYZER_NUMBER_OBJECT_CONVERSION = YES_AGGRESSIVE;
				CLANG_CXX_LANGUAGE_STANDARD = "gnu++20";
				CLANG_ENABLE_MODULES = YES;
				CLANG_ENABLE_OBJC_ARC = YES;
				CLANG_ENABLE_OBJC_WEAK = YES;
				CLANG_WARN_BLOCK_CAPTURE_AUTORELEASING = YES;
				CLANG_WARN_BOOL_CONVERSION = YES;
				CLANG_WARN_COMMA = YES;
				CLANG_WARN_CONSTANT_CONVERSION = YES;
				CLANG_WARN_DEPRECATED_OBJC_IMPLEMENTATIONS = YES;
				CLANG_WARN_DIRECT_OBJC_ISA_USAGE = YES_ERROR;
				CLANG_WARN_DOCUMENTATION_COMMENTS = YES;
				CLANG_WARN_EMPTY_BODY = YES;
				CLANG_WARN_ENUM_CONVERSION = YES;
				CLANG_WARN_INFINITE_RECURSION = YES;
				CLANG_WARN_INT_CONVERSION = YES;
				CLANG_WARN_NON_LITERAL_NULL_CONVERSION = YES;
				CLANG_WARN_OBJC_IMPLICIT_RETAIN_SELF = YES;
				CLANG_WARN_OBJC_LITERAL_CONVERSION = YES;
				CLANG_WARN_OBJC_ROOT_CLASS = YES_ERROR;
				CLANG_WARN_QUOTED_INCLUDE_IN_FRAMEWORK_HEADER = YES;
				CLANG_WARN_RANGE_LOOP_ANALYSIS = YES;
				CLANG_WARN_STRICT_PROTOTYPES = YES;
				CLANG_WARN_SUSPICIOUS_MOVE = YES;
				CLANG_WARN_UNGUARDED_AVAILABILITY = YES_AGGRESSIVE;
				CLANG_WARN_UNREACHABLE_CODE = YES;
				CLANG_WARN__DUPLICATE_METHOD_MATCH = YES;
				COPY_PHASE_STRIP = NO;
				DEBUG_INFORMATION_FORMAT = "dwarf-with-dsym";
				ENABLE_NS_ASSERTIONS = NO;
				ENABLE_STRICT_OBJC_MSGSEND = YES;
				ENABLE_USER_SCRIPT_SANDBOXING = YES;
				GCC_C_LANGUAGE_STANDARD = gnu17;
				GCC_NO_COMMON_BLOCKS = YES;
				GCC_WARN_64_TO_32_BIT_CONVERSION = YES;
				GCC_WARN_ABOUT_RETURN_TYPE = YES_ERROR;
				GCC_WARN_UNDECLARED_SELECTOR = YES;
				GCC_WARN_UNINITIALIZED_AUTOS = YES_AGGRESSIVE;
				GCC_WARN_UNUSED_FUNCTION = YES;
				GCC_WARN_UNUSED_VARIABLE = YES;
				IPHONEOS_DEPLOYMENT_TARGET = 17.2;
				LOCALIZATION_PREFERS_STRING_CATALOGS = YES;
				MTL_ENABLE_DEBUG_INFO = NO;
				MTL_FAST_MATH = YES;
				SDKROOT = iphoneos;
				SWIFT_COMPILATION_MODE = wholemodule;
				VALIDATE_PRODUCT = YES;
			};
			name = Release;
		};
		A7B00AD82BFF2997004FE805 /* Debug */ = {
			isa = XCBuildConfiguration;
			baseConfigurationReference = F491D2849ADBE7FB8D8E4F93 /* Pods-quippertestios.debug.xcconfig */;
			buildSettings = {
				ALWAYS_EMBED_SWIFT_STANDARD_LIBRARIES = "$(inherited)";
				ASSETCATALOG_COMPILER_APPICON_NAME = AppIcon;
				ASSETCATALOG_COMPILER_GLOBAL_ACCENT_COLOR_NAME = AccentColor;
				CODE_SIGN_STYLE = Automatic;
				CURRENT_PROJECT_VERSION = 1;
				DEVELOPMENT_TEAM = M843HJCGXQ;
				ENABLE_USER_SCRIPT_SANDBOXING = NO;
				GENERATE_INFOPLIST_FILE = YES;
				INFOPLIST_FILE = quippertestios/Resource/Info.plist;
				INFOPLIST_KEY_UIApplicationSupportsIndirectInputEvents = YES;
				INFOPLIST_KEY_UILaunchStoryboardName = LaunchScreen;
				INFOPLIST_KEY_UIMainStoryboardFile = Main;
				INFOPLIST_KEY_UISupportedInterfaceOrientations_iPad = "UIInterfaceOrientationPortrait UIInterfaceOrientationPortraitUpsideDown UIInterfaceOrientationLandscapeLeft UIInterfaceOrientationLandscapeRight";
				INFOPLIST_KEY_UISupportedInterfaceOrientations_iPhone = "UIInterfaceOrientationPortrait UIInterfaceOrientationLandscapeLeft UIInterfaceOrientationLandscapeRight";
				LD_RUNPATH_SEARCH_PATHS = (
					"$(inherited)",
					"@executable_path/Frameworks",
				);
				MARKETING_VERSION = 1.0;
				PRODUCT_BUNDLE_IDENTIFIER = com.faza.quippertestios;
				PRODUCT_NAME = "$(TARGET_NAME)";
				SWIFT_EMIT_LOC_STRINGS = YES;
				SWIFT_VERSION = 5.0;
				TARGETED_DEVICE_FAMILY = "1,2";
			};
			name = Debug;
		};
		A7B00AD92BFF2997004FE805 /* Release */ = {
			isa = XCBuildConfiguration;
			baseConfigurationReference = 7123844C8C46283DD6A2519E /* Pods-quippertestios.release.xcconfig */;
			buildSettings = {
				ALWAYS_EMBED_SWIFT_STANDARD_LIBRARIES = "$(inherited)";
				ASSETCATALOG_COMPILER_APPICON_NAME = AppIcon;
				ASSETCATALOG_COMPILER_GLOBAL_ACCENT_COLOR_NAME = AccentColor;
				CODE_SIGN_STYLE = Automatic;
				CURRENT_PROJECT_VERSION = 1;
				DEVELOPMENT_TEAM = M843HJCGXQ;
				ENABLE_USER_SCRIPT_SANDBOXING = NO;
				GENERATE_INFOPLIST_FILE = YES;
				INFOPLIST_FILE = quippertestios/Resource/Info.plist;
				INFOPLIST_KEY_UIApplicationSupportsIndirectInputEvents = YES;
				INFOPLIST_KEY_UILaunchStoryboardName = LaunchScreen;
				INFOPLIST_KEY_UIMainStoryboardFile = Main;
				INFOPLIST_KEY_UISupportedInterfaceOrientations_iPad = "UIInterfaceOrientationPortrait UIInterfaceOrientationPortraitUpsideDown UIInterfaceOrientationLandscapeLeft UIInterfaceOrientationLandscapeRight";
				INFOPLIST_KEY_UISupportedInterfaceOrientations_iPhone = "UIInterfaceOrientationPortrait UIInterfaceOrientationLandscapeLeft UIInterfaceOrientationLandscapeRight";
				LD_RUNPATH_SEARCH_PATHS = (
					"$(inherited)",
					"@executable_path/Frameworks",
				);
				MARKETING_VERSION = 1.0;
				PRODUCT_BUNDLE_IDENTIFIER = com.faza.quippertestios;
				PRODUCT_NAME = "$(TARGET_NAME)";
				SWIFT_EMIT_LOC_STRINGS = YES;
				SWIFT_VERSION = 5.0;
				TARGETED_DEVICE_FAMILY = "1,2";
			};
			name = Release;
		};
		A7B00ADB2BFF2997004FE805 /* Debug */ = {
			isa = XCBuildConfiguration;
			buildSettings = {
				BUNDLE_LOADER = "$(TEST_HOST)";
				CODE_SIGN_STYLE = Automatic;
				CURRENT_PROJECT_VERSION = 1;
				DEVELOPMENT_TEAM = M843HJCGXQ;
				GENERATE_INFOPLIST_FILE = YES;
				IPHONEOS_DEPLOYMENT_TARGET = 17.2;
				MARKETING_VERSION = 1.0;
				PRODUCT_BUNDLE_IDENTIFIER = com.faza.quippertestiosTests;
				PRODUCT_NAME = "$(TARGET_NAME)";
				SWIFT_EMIT_LOC_STRINGS = NO;
				SWIFT_VERSION = 5.0;
				TARGETED_DEVICE_FAMILY = "1,2";
				TEST_HOST = "$(BUILT_PRODUCTS_DIR)/quippertestios.app/$(BUNDLE_EXECUTABLE_FOLDER_PATH)/quippertestios";
			};
			name = Debug;
		};
		A7B00ADC2BFF2997004FE805 /* Release */ = {
			isa = XCBuildConfiguration;
			buildSettings = {
				BUNDLE_LOADER = "$(TEST_HOST)";
				CODE_SIGN_STYLE = Automatic;
				CURRENT_PROJECT_VERSION = 1;
				DEVELOPMENT_TEAM = M843HJCGXQ;
				GENERATE_INFOPLIST_FILE = YES;
				IPHONEOS_DEPLOYMENT_TARGET = 17.2;
				MARKETING_VERSION = 1.0;
				PRODUCT_BUNDLE_IDENTIFIER = com.faza.quippertestiosTests;
				PRODUCT_NAME = "$(TARGET_NAME)";
				SWIFT_EMIT_LOC_STRINGS = NO;
				SWIFT_VERSION = 5.0;
				TARGETED_DEVICE_FAMILY = "1,2";
				TEST_HOST = "$(BUILT_PRODUCTS_DIR)/quippertestios.app/$(BUNDLE_EXECUTABLE_FOLDER_PATH)/quippertestios";
			};
			name = Release;
		};
		A7B00ADE2BFF2997004FE805 /* Debug */ = {
			isa = XCBuildConfiguration;
			buildSettings = {
				CODE_SIGN_STYLE = Automatic;
				CURRENT_PROJECT_VERSION = 1;
				DEVELOPMENT_TEAM = M843HJCGXQ;
				GENERATE_INFOPLIST_FILE = YES;
				MARKETING_VERSION = 1.0;
				PRODUCT_BUNDLE_IDENTIFIER = com.faza.quippertestiosUITests;
				PRODUCT_NAME = "$(TARGET_NAME)";
				SWIFT_EMIT_LOC_STRINGS = NO;
				SWIFT_VERSION = 5.0;
				TARGETED_DEVICE_FAMILY = "1,2";
				TEST_TARGET_NAME = quippertestios;
			};
			name = Debug;
		};
		A7B00ADF2BFF2997004FE805 /* Release */ = {
			isa = XCBuildConfiguration;
			buildSettings = {
				CODE_SIGN_STYLE = Automatic;
				CURRENT_PROJECT_VERSION = 1;
				DEVELOPMENT_TEAM = M843HJCGXQ;
				GENERATE_INFOPLIST_FILE = YES;
				MARKETING_VERSION = 1.0;
				PRODUCT_BUNDLE_IDENTIFIER = com.faza.quippertestiosUITests;
				PRODUCT_NAME = "$(TARGET_NAME)";
				SWIFT_EMIT_LOC_STRINGS = NO;
				SWIFT_VERSION = 5.0;
				TARGETED_DEVICE_FAMILY = "1,2";
				TEST_TARGET_NAME = quippertestios;
			};
			name = Release;
		};
/* End XCBuildConfiguration section */

/* Begin XCConfigurationList section */
		A7B00AA82BFF2995004FE805 /* Build configuration list for PBXProject "quippertestios" */ = {
			isa = XCConfigurationList;
			buildConfigurations = (
				A7B00AD52BFF2997004FE805 /* Debug */,
				A7B00AD62BFF2997004FE805 /* Release */,
			);
			defaultConfigurationIsVisible = 0;
			defaultConfigurationName = Release;
		};
		A7B00AD72BFF2997004FE805 /* Build configuration list for PBXNativeTarget "quippertestios" */ = {
			isa = XCConfigurationList;
			buildConfigurations = (
				A7B00AD82BFF2997004FE805 /* Debug */,
				A7B00AD92BFF2997004FE805 /* Release */,
			);
			defaultConfigurationIsVisible = 0;
			defaultConfigurationName = Release;
		};
		A7B00ADA2BFF2997004FE805 /* Build configuration list for PBXNativeTarget "quippertestiosTests" */ = {
			isa = XCConfigurationList;
			buildConfigurations = (
				A7B00ADB2BFF2997004FE805 /* Debug */,
				A7B00ADC2BFF2997004FE805 /* Release */,
			);
			defaultConfigurationIsVisible = 0;
			defaultConfigurationName = Release;
		};
		A7B00ADD2BFF2997004FE805 /* Build configuration list for PBXNativeTarget "quippertestiosUITests" */ = {
			isa = XCConfigurationList;
			buildConfigurations = (
				A7B00ADE2BFF2997004FE805 /* Debug */,
				A7B00ADF2BFF2997004FE805 /* Release */,
			);
			defaultConfigurationIsVisible = 0;
			defaultConfigurationName = Release;
		};
/* End XCConfigurationList section */
	};
	rootObject = A7B00AA52BFF2995004FE805 /* Project object */;
}
